
Microsoft Visual Studio Solution File, Format Version 12.00
# Visual Studio Version 17
VisualStudioVersion = 17.0.31903.59
MinimumVisualStudioVersion = 10.0.40219.1
Project("{FAE04EC0-301F-11D3-BF4B-00C04F79EFBC}") = "Solver", "Solver\Solver.csproj", "{71E98ACF-69D0-4AC9-9071-A1D6F29CAD26}"
EndProject
Project("{FAE04EC0-301F-11D3-BF4B-00C04F79EFBC}") = "Solver.Tests", "Solver.Tests\Solver.Tests.csproj", "{13EDAD60-AAEA-4BF4-B195-F2AC2E63A327}"
EndProject
Global
	GlobalSection(SolutionConfigurationPlatforms) = preSolution
		Debug|Any CPU = Debug|Any CPU
		Release|Any CPU = Release|Any CPU
	EndGlobalSection
	GlobalSection(SolutionProperties) = preSolution
		HideSolutionNode = FALSE
	EndGlobalSection
	GlobalSection(ProjectConfigurationPlatforms) = postSolution
		{71E98ACF-69D0-4AC9-9071-A1D6F29CAD26}.Debug|Any CPU.ActiveCfg = Debug|Any CPU
		{71E98ACF-69D0-4AC9-9071-A1D6F29CAD26}.Debug|Any CPU.Build.0 = Debug|Any CPU
		{71E98ACF-69D0-4AC9-9071-A1D6F29CAD26}.Release|Any CPU.ActiveCfg = Release|Any CPU
		{71E98ACF-69D0-4AC9-9071-A1D6F29CAD26}.Release|Any CPU.Build.0 = Release|Any CPU
		{13EDAD60-AAEA-4BF4-B195-F2AC2E63A327}.Debug|Any CPU.ActiveCfg = Debug|Any CPU
		{13EDAD60-AAEA-4BF4-B195-F2AC2E63A327}.Debug|Any CPU.Build.0 = Debug|Any CPU
		{13EDAD60-AAEA-4BF4-B195-F2AC2E63A327}.Release|Any CPU.ActiveCfg = Release|Any CPU
		{13EDAD60-AAEA-4BF4-B195-F2AC2E63A327}.Release|Any CPU.Build.0 = Release|Any CPU
	EndGlobalSection
EndGlobal
